
Microsoft Visual Studio Solution File, Format Version 12.00
# Visual Studio Version 17
VisualStudioVersion = 17.14.36212.18 d17.14
MinimumVisualStudioVersion = 10.0.40219.1
Project("{FAE04EC0-301F-11D3-BF4B-00C04F79EFBC}") = "PruebaTecnicaMantenimientoTrabajadores", "PruebaTecnicaMantenimientoTrabajadores\PruebaTecnicaMantenimientoTrabajadores.csproj", "{D701BA32-1BE0-40A1-9186-B21D5D3E7BF1}"
EndProject
Global
	GlobalSection(SolutionConfigurationPlatforms) = preSolution
		Debug|Any CPU = Debug|Any CPU
		Release|Any CPU = Release|Any CPU
	EndGlobalSection
	GlobalSection(ProjectConfigurationPlatforms) = postSolution
		{D701BA32-1BE0-40A1-9186-B21D5D3E7BF1}.Debug|Any CPU.ActiveCfg = Debug|Any CPU
		{D701BA32-1BE0-40A1-9186-B21D5D3E7BF1}.Debug|Any CPU.Build.0 = Debug|Any CPU
		{D701BA32-1BE0-40A1-9186-B21D5D3E7BF1}.Release|Any CPU.ActiveCfg = Release|Any CPU
		{D701BA32-1BE0-40A1-9186-B21D5D3E7BF1}.Release|Any CPU.Build.0 = Release|Any CPU
	EndGlobalSection
	GlobalSection(SolutionProperties) = preSolution
		HideSolutionNode = FALSE
	EndGlobalSection
	GlobalSection(ExtensibilityGlobals) = postSolution
		SolutionGuid = {C865334E-BC60-4D12-B142-7FA567AC12CE}
	EndGlobalSection
EndGlobal
